// !$*UTF8*$!
{
	archiveVersion = 1;
	classes = {
	};
	objectVersion = 46;
	objects = {

/* Begin PBXBuildFile section */
		3037C78C18606B1C00E77AC5 /* SimpleInvokeViewController.m in Sources */ = {isa = PBXBuildFile; fileRef = 3037C78B18606B1C00E77AC5 /* SimpleInvokeViewController.m */; };
		3037C78F18606B6400E77AC5 /* Invoker.m in Sources */ = {isa = PBXBuildFile; fileRef = 3037C78E18606B6400E77AC5 /* Invoker.m */; };
		3037C79218606F3400E77AC5 /* ClassMethodInvokeViewController.m in Sources */ = {isa = PBXBuildFile; fileRef = 3037C79118606F3400E77AC5 /* ClassMethodInvokeViewController.m */; };
		3037C79518606F6900E77AC5 /* BaseViewController.m in Sources */ = {isa = PBXBuildFile; fileRef = 3037C79418606F6900E77AC5 /* BaseViewController.m */; };
		307ADE76185D93FF00815FC2 /* Foundation.framework in Frameworks */ = {isa = PBXBuildFile; fileRef = 307ADE75185D93FF00815FC2 /* Foundation.framework */; };
		307ADE78185D93FF00815FC2 /* CoreGraphics.framework in Frameworks */ = {isa = PBXBuildFile; fileRef = 307ADE77185D93FF00815FC2 /* CoreGraphics.framework */; };
		307ADE7A185D93FF00815FC2 /* UIKit.framework in Frameworks */ = {isa = PBXBuildFile; fileRef = 307ADE79185D93FF00815FC2 /* UIKit.framework */; };
		307ADE80185D93FF00815FC2 /* InfoPlist.strings in Resources */ = {isa = PBXBuildFile; fileRef = 307ADE7E185D93FF00815FC2 /* InfoPlist.strings */; };
		307ADE82185D93FF00815FC2 /* main.m in Sources */ = {isa = PBXBuildFile; fileRef = 307ADE81185D93FF00815FC2 /* main.m */; };
		307ADE86185D93FF00815FC2 /* AppDelegate.m in Sources */ = {isa = PBXBuildFile; fileRef = 307ADE85185D93FF00815FC2 /* AppDelegate.m */; };
		307ADE88185D93FF00815FC2 /* Images.xcassets in Resources */ = {isa = PBXBuildFile; fileRef = 307ADE87185D93FF00815FC2 /* Images.xcassets */; };
		307ADE8F185D93FF00815FC2 /* XCTest.framework in Frameworks */ = {isa = PBXBuildFile; fileRef = 307ADE8E185D93FF00815FC2 /* XCTest.framework */; };
		307ADE90185D93FF00815FC2 /* Foundation.framework in Frameworks */ = {isa = PBXBuildFile; fileRef = 307ADE75185D93FF00815FC2 /* Foundation.framework */; };
		307ADE91185D93FF00815FC2 /* UIKit.framework in Frameworks */ = {isa = PBXBuildFile; fileRef = 307ADE79185D93FF00815FC2 /* UIKit.framework */; };
		307ADE99185D93FF00815FC2 /* InfoPlist.strings in Resources */ = {isa = PBXBuildFile; fileRef = 307ADE97185D93FF00815FC2 /* InfoPlist.strings */; };
		307ADE9B185D93FF00815FC2 /* NSInvocationSampleTests.m in Sources */ = {isa = PBXBuildFile; fileRef = 307ADE9A185D93FF00815FC2 /* NSInvocationSampleTests.m */; };
		307ADEAC185D950100815FC2 /* SelectViewController.m in Sources */ = {isa = PBXBuildFile; fileRef = 307ADEAB185D950100815FC2 /* SelectViewController.m */; };
		30AE597018627AB60027DDC6 /* BaseSQLViewController.m in Sources */ = {isa = PBXBuildFile; fileRef = 30AE596F18627AB60027DDC6 /* BaseSQLViewController.m */; };
		30AE597318627CB10027DDC6 /* SimpleChapterViewController.m in Sources */ = {isa = PBXBuildFile; fileRef = 30AE597218627CB10027DDC6 /* SimpleChapterViewController.m */; };
		30AE5974186282290027DDC6 /* sample.sqlite in Resources */ = {isa = PBXBuildFile; fileRef = 3008B3F218620D72009582C5 /* sample.sqlite */; };
		30AE5977186288FC0027DDC6 /* InvokedChapterViewController.m in Sources */ = {isa = PBXBuildFile; fileRef = 30AE5976186288FC0027DDC6 /* InvokedChapterViewController.m */; };
		30CE96A61861B11F003B33FD /* GetReturnValueViewController.m in Sources */ = {isa = PBXBuildFile; fileRef = 30CE96A51861B11F003B33FD /* GetReturnValueViewController.m */; };
		30CE96A91861BC4B003B33FD /* SimpleDAO.m in Sources */ = {isa = PBXBuildFile; fileRef = 30CE96A81861BC4B003B33FD /* SimpleDAO.m */; };
		30CE96AD1861C24A003B33FD /* libsqlite3.0.dylib in Frameworks */ = {isa = PBXBuildFile; fileRef = 30CE96AC1861C24A003B33FD /* libsqlite3.0.dylib */; };
		30CE96B01861C575003B33FD /* InvokedDAO.m in Sources */ = {isa = PBXBuildFile; fileRef = 30CE96AF1861C575003B33FD /* InvokedDAO.m */; };
		30CE96B31861C5AE003B33FD /* BaseDAO.m in Sources */ = {isa = PBXBuildFile; fileRef = 30CE96B21861C5AE003B33FD /* BaseDAO.m */; };
		30D6071618608C2300759411 /* PassParamsViewController.m in Sources */ = {isa = PBXBuildFile; fileRef = 30D6071518608C2300759411 /* PassParamsViewController.m */; };
/* End PBXBuildFile section */

/* Begin PBXContainerItemProxy section */
		307ADE92185D93FF00815FC2 /* PBXContainerItemProxy */ = {
			isa = PBXContainerItemProxy;
			containerPortal = 307ADE6A185D93FF00815FC2 /* Project object */;
			proxyType = 1;
			remoteGlobalIDString = 307ADE71185D93FF00815FC2;
			remoteInfo = NSInvocationSample;
		};
/* End PBXContainerItemProxy section */

/* Begin PBXFileReference section */
		3008B3F218620D72009582C5 /* sample.sqlite */ = {isa = PBXFileReference; lastKnownFileType = file; path = sample.sqlite; sourceTree = "<group>"; };
		3037C78A18606B1C00E77AC5 /* SimpleInvokeViewController.h */ = {isa = PBXFileReference; fileEncoding = 4; lastKnownFileType = sourcecode.c.h; path = SimpleInvokeViewController.h; sourceTree = "<group>"; };
		3037C78B18606B1C00E77AC5 /* SimpleInvokeViewController.m */ = {isa = PBXFileReference; fileEncoding = 4; lastKnownFileType = sourcecode.c.objc; path = SimpleInvokeViewController.m; sourceTree = "<group>"; };
		3037C78D18606B6400E77AC5 /* Invoker.h */ = {isa = PBXFileReference; fileEncoding = 4; lastKnownFileType = sourcecode.c.h; path = Invoker.h; sourceTree = "<group>"; };
		3037C78E18606B6400E77AC5 /* Invoker.m */ = {isa = PBXFileReference; fileEncoding = 4; lastKnownFileType = sourcecode.c.objc; path = Invoker.m; sourceTree = "<group>"; };
		3037C79018606F3400E77AC5 /* ClassMethodInvokeViewController.h */ = {isa = PBXFileReference; fileEncoding = 4; lastKnownFileType = sourcecode.c.h; path = ClassMethodInvokeViewController.h; sourceTree = "<group>"; };
		3037C79118606F3400E77AC5 /* ClassMethodInvokeViewController.m */ = {isa = PBXFileReference; fileEncoding = 4; lastKnownFileType = sourcecode.c.objc; path = ClassMethodInvokeViewController.m; sourceTree = "<group>"; };
		3037C79318606F6900E77AC5 /* BaseViewController.h */ = {isa = PBXFileReference; fileEncoding = 4; lastKnownFileType = sourcecode.c.h; path = BaseViewController.h; sourceTree = "<group>"; };
		3037C79418606F6900E77AC5 /* BaseViewController.m */ = {isa = PBXFileReference; fileEncoding = 4; lastKnownFileType = sourcecode.c.objc; path = BaseViewController.m; sourceTree = "<group>"; };
		307ADE72185D93FF00815FC2 /* NSInvocationSample.app */ = {isa = PBXFileReference; explicitFileType = wrapper.application; includeInIndex = 0; path = NSInvocationSample.app; sourceTree = BUILT_PRODUCTS_DIR; };
		307ADE75185D93FF00815FC2 /* Foundation.framework */ = {isa = PBXFileReference; lastKnownFileType = wrapper.framework; name = Foundation.framework; path = System/Library/Frameworks/Foundation.framework; sourceTree = SDKROOT; };
		307ADE77185D93FF00815FC2 /* CoreGraphics.framework */ = {isa = PBXFileReference; lastKnownFileType = wrapper.framework; name = CoreGraphics.framework; path = System/Library/Frameworks/CoreGraphics.framework; sourceTree = SDKROOT; };
		307ADE79185D93FF00815FC2 /* UIKit.framework */ = {isa = PBXFileReference; lastKnownFileType = wrapper.framework; name = UIKit.framework; path = System/Library/Frameworks/UIKit.framework; sourceTree = SDKROOT; };
		307ADE7D185D93FF00815FC2 /* NSInvocationSample-Info.plist */ = {isa = PBXFileReference; lastKnownFileType = text.plist.xml; path = "NSInvocationSample-Info.plist"; sourceTree = "<group>"; };
		307ADE7F185D93FF00815FC2 /* en */ = {isa = PBXFileReference; lastKnownFileType = text.plist.strings; name = en; path = en.lproj/InfoPlist.strings; sourceTree = "<group>"; };
		307ADE81185D93FF00815FC2 /* main.m */ = {isa = PBXFileReference; lastKnownFileType = sourcecode.c.objc; path = main.m; sourceTree = "<group>"; };
		307ADE83185D93FF00815FC2 /* NSInvocationSample-Prefix.pch */ = {isa = PBXFileReference; lastKnownFileType = sourcecode.c.h; path = "NSInvocationSample-Prefix.pch"; sourceTree = "<group>"; };
		307ADE84185D93FF00815FC2 /* AppDelegate.h */ = {isa = PBXFileReference; lastKnownFileType = sourcecode.c.h; path = AppDelegate.h; sourceTree = "<group>"; };
		307ADE85185D93FF00815FC2 /* AppDelegate.m */ = {isa = PBXFileReference; lastKnownFileType = sourcecode.c.objc; path = AppDelegate.m; sourceTree = "<group>"; };
		307ADE87185D93FF00815FC2 /* Images.xcassets */ = {isa = PBXFileReference; lastKnownFileType = folder.assetcatalog; path = Images.xcassets; sourceTree = "<group>"; };
		307ADE8D185D93FF00815FC2 /* NSInvocationSampleTests.xctest */ = {isa = PBXFileReference; explicitFileType = wrapper.cfbundle; includeInIndex = 0; path = NSInvocationSampleTests.xctest; sourceTree = BUILT_PRODUCTS_DIR; };
		307ADE8E185D93FF00815FC2 /* XCTest.framework */ = {isa = PBXFileReference; lastKnownFileType = wrapper.framework; name = XCTest.framework; path = Library/Frameworks/XCTest.framework; sourceTree = DEVELOPER_DIR; };
		307ADE96185D93FF00815FC2 /* NSInvocationSampleTests-Info.plist */ = {isa = PBXFileReference; lastKnownFileType = text.plist.xml; path = "NSInvocationSampleTests-Info.plist"; sourceTree = "<group>"; };
		307ADE98185D93FF00815FC2 /* en */ = {isa = PBXFileReference; lastKnownFileType = text.plist.strings; name = en; path = en.lproj/InfoPlist.strings; sourceTree = "<group>"; };
		307ADE9A185D93FF00815FC2 /* NSInvocationSampleTests.m */ = {isa = PBXFileReference; lastKnownFileType = sourcecode.c.objc; path = NSInvocationSampleTests.m; sourceTree = "<group>"; };
		307ADEAA185D950100815FC2 /* SelectViewController.h */ = {isa = PBXFileReference; fileEncoding = 4; lastKnownFileType = sourcecode.c.h; path = SelectViewController.h; sourceTree = "<group>"; };
		307ADEAB185D950100815FC2 /* SelectViewController.m */ = {isa = PBXFileReference; fileEncoding = 4; lastKnownFileType = sourcecode.c.objc; path = SelectViewController.m; sourceTree = "<group>"; };
		30AE596E18627AB60027DDC6 /* BaseSQLViewController.h */ = {isa = PBXFileReference; fileEncoding = 4; lastKnownFileType = sourcecode.c.h; path = BaseSQLViewController.h; sourceTree = "<group>"; };
		30AE596F18627AB60027DDC6 /* BaseSQLViewController.m */ = {isa = PBXFileReference; fileEncoding = 4; lastKnownFileType = sourcecode.c.objc; path = BaseSQLViewController.m; sourceTree = "<group>"; };
		30AE597118627CB10027DDC6 /* SimpleChapterViewController.h */ = {isa = PBXFileReference; fileEncoding = 4; lastKnownFileType = sourcecode.c.h; path = SimpleChapterViewController.h; sourceTree = "<group>"; };
		30AE597218627CB10027DDC6 /* SimpleChapterViewController.m */ = {isa = PBXFileReference; fileEncoding = 4; lastKnownFileType = sourcecode.c.objc; path = SimpleChapterViewController.m; sourceTree = "<group>"; };
		30AE5975186288FC0027DDC6 /* InvokedChapterViewController.h */ = {isa = PBXFileReference; fileEncoding = 4; lastKnownFileType = sourcecode.c.h; path = InvokedChapterViewController.h; sourceTree = "<group>"; };
		30AE5976186288FC0027DDC6 /* InvokedChapterViewController.m */ = {isa = PBXFileReference; fileEncoding = 4; lastKnownFileType = sourcecode.c.objc; path = InvokedChapterViewController.m; sourceTree = "<group>"; };
		30CE96A41861B11F003B33FD /* GetReturnValueViewController.h */ = {isa = PBXFileReference; fileEncoding = 4; lastKnownFileType = sourcecode.c.h; path = GetReturnValueViewController.h; sourceTree = "<group>"; };
		30CE96A51861B11F003B33FD /* GetReturnValueViewController.m */ = {isa = PBXFileReference; fileEncoding = 4; lastKnownFileType = sourcecode.c.objc; path = GetReturnValueViewController.m; sourceTree = "<group>"; };
		30CE96A71861BC4B003B33FD /* SimpleDAO.h */ = {isa = PBXFileReference; fileEncoding = 4; lastKnownFileType = sourcecode.c.h; path = SimpleDAO.h; sourceTree = "<group>"; };
		30CE96A81861BC4B003B33FD /* SimpleDAO.m */ = {isa = PBXFileReference; fileEncoding = 4; lastKnownFileType = sourcecode.c.objc; path = SimpleDAO.m; sourceTree = "<group>"; };
		30CE96AB1861C102003B33FD /* DaoConstants.h */ = {isa = PBXFileReference; lastKnownFileType = sourcecode.c.h; path = DaoConstants.h; sourceTree = "<group>"; };
		30CE96AC1861C24A003B33FD /* libsqlite3.0.dylib */ = {isa = PBXFileReference; lastKnownFileType = "compiled.mach-o.dylib"; name = libsqlite3.0.dylib; path = usr/lib/libsqlite3.0.dylib; sourceTree = SDKROOT; };
		30CE96AE1861C575003B33FD /* InvokedDAO.h */ = {isa = PBXFileReference; fileEncoding = 4; lastKnownFileType = sourcecode.c.h; path = InvokedDAO.h; sourceTree = "<group>"; };
		30CE96AF1861C575003B33FD /* InvokedDAO.m */ = {isa = PBXFileReference; fileEncoding = 4; lastKnownFileType = sourcecode.c.objc; path = InvokedDAO.m; sourceTree = "<group>"; };
		30CE96B11861C5AE003B33FD /* BaseDAO.h */ = {isa = PBXFileReference; fileEncoding = 4; lastKnownFileType = sourcecode.c.h; path = BaseDAO.h; sourceTree = "<group>"; };
		30CE96B21861C5AE003B33FD /* BaseDAO.m */ = {isa = PBXFileReference; fileEncoding = 4; lastKnownFileType = sourcecode.c.objc; path = BaseDAO.m; sourceTree = "<group>"; };
		30D6071418608C2300759411 /* PassParamsViewController.h */ = {isa = PBXFileReference; fileEncoding = 4; lastKnownFileType = sourcecode.c.h; path = PassParamsViewController.h; sourceTree = "<group>"; };
		30D6071518608C2300759411 /* PassParamsViewController.m */ = {isa = PBXFileReference; fileEncoding = 4; lastKnownFileType = sourcecode.c.objc; path = PassParamsViewController.m; sourceTree = "<group>"; };
/* End PBXFileReference section */

/* Begin PBXFrameworksBuildPhase section */
		307ADE6F185D93FF00815FC2 /* Frameworks */ = {
			isa = PBXFrameworksBuildPhase;
			buildActionMask = 2147483647;
			files = (
				30CE96AD1861C24A003B33FD /* libsqlite3.0.dylib in Frameworks */,
				307ADE78185D93FF00815FC2 /* CoreGraphics.framework in Frameworks */,
				307ADE7A185D93FF00815FC2 /* UIKit.framework in Frameworks */,
				307ADE76185D93FF00815FC2 /* Foundation.framework in Frameworks */,
			);
			runOnlyForDeploymentPostprocessing = 0;
		};
		307ADE8A185D93FF00815FC2 /* Frameworks */ = {
			isa = PBXFrameworksBuildPhase;
			buildActionMask = 2147483647;
			files = (
				307ADE8F185D93FF00815FC2 /* XCTest.framework in Frameworks */,
				307ADE91185D93FF00815FC2 /* UIKit.framework in Frameworks */,
				307ADE90185D93FF00815FC2 /* Foundation.framework in Frameworks */,
			);
			runOnlyForDeploymentPostprocessing = 0;
		};
/* End PBXFrameworksBuildPhase section */

/* Begin PBXGroup section */
		307ADE69185D93FF00815FC2 = {
			isa = PBXGroup;
			children = (
				307ADE7B185D93FF00815FC2 /* NSInvocationSample */,
				307ADE94185D93FF00815FC2 /* NSInvocationSampleTests */,
				307ADE74185D93FF00815FC2 /* Frameworks */,
				307ADE73185D93FF00815FC2 /* Products */,
			);
			sourceTree = "<group>";
		};
		307ADE73185D93FF00815FC2 /* Products */ = {
			isa = PBXGroup;
			children = (
				307ADE72185D93FF00815FC2 /* NSInvocationSample.app */,
				307ADE8D185D93FF00815FC2 /* NSInvocationSampleTests.xctest */,
			);
			name = Products;
			sourceTree = "<group>";
		};
		307ADE74185D93FF00815FC2 /* Frameworks */ = {
			isa = PBXGroup;
			children = (
				30CE96AC1861C24A003B33FD /* libsqlite3.0.dylib */,
				307ADE75185D93FF00815FC2 /* Foundation.framework */,
				307ADE77185D93FF00815FC2 /* CoreGraphics.framework */,
				307ADE79185D93FF00815FC2 /* UIKit.framework */,
				307ADE8E185D93FF00815FC2 /* XCTest.framework */,
			);
			name = Frameworks;
			sourceTree = "<group>";
		};
		307ADE7B185D93FF00815FC2 /* NSInvocationSample */ = {
			isa = PBXGroup;
			children = (
				307ADE84185D93FF00815FC2 /* AppDelegate.h */,
				307ADE85185D93FF00815FC2 /* AppDelegate.m */,
				307ADEAA185D950100815FC2 /* SelectViewController.h */,
				307ADEAB185D950100815FC2 /* SelectViewController.m */,
				3037C78D18606B6400E77AC5 /* Invoker.h */,
				3037C78E18606B6400E77AC5 /* Invoker.m */,
				3037C79318606F6900E77AC5 /* BaseViewController.h */,
				3037C79418606F6900E77AC5 /* BaseViewController.m */,
				3037C78A18606B1C00E77AC5 /* SimpleInvokeViewController.h */,
				3037C78B18606B1C00E77AC5 /* SimpleInvokeViewController.m */,
				3037C79018606F3400E77AC5 /* ClassMethodInvokeViewController.h */,
				3037C79118606F3400E77AC5 /* ClassMethodInvokeViewController.m */,
				30D6071418608C2300759411 /* PassParamsViewController.h */,
				30D6071518608C2300759411 /* PassParamsViewController.m */,
				30CE96A41861B11F003B33FD /* GetReturnValueViewController.h */,
				30CE96A51861B11F003B33FD /* GetReturnValueViewController.m */,
				30CE96AB1861C102003B33FD /* DaoConstants.h */,
				30CE96B11861C5AE003B33FD /* BaseDAO.h */,
				30CE96B21861C5AE003B33FD /* BaseDAO.m */,
				30CE96A71861BC4B003B33FD /* SimpleDAO.h */,
				30CE96A81861BC4B003B33FD /* SimpleDAO.m */,
				30CE96AE1861C575003B33FD /* InvokedDAO.h */,
				30CE96AF1861C575003B33FD /* InvokedDAO.m */,
				30AE596E18627AB60027DDC6 /* BaseSQLViewController.h */,
				30AE596F18627AB60027DDC6 /* BaseSQLViewController.m */,
				30AE597118627CB10027DDC6 /* SimpleChapterViewController.h */,
				30AE597218627CB10027DDC6 /* SimpleChapterViewController.m */,
				30AE5975186288FC0027DDC6 /* InvokedChapterViewController.h */,
				30AE5976186288FC0027DDC6 /* InvokedChapterViewController.m */,
				3008B3F218620D72009582C5 /* sample.sqlite */,
				307ADE87185D93FF00815FC2 /* Images.xcassets */,
				307ADE7C185D93FF00815FC2 /* Supporting Files */,
			);
			path = NSInvocationSample;
			sourceTree = "<group>";
		};
		307ADE7C185D93FF00815FC2 /* Supporting Files */ = {
			isa = PBXGroup;
			children = (
				307ADE7D185D93FF00815FC2 /* NSInvocationSample-Info.plist */,
				307ADE7E185D93FF00815FC2 /* InfoPlist.strings */,
				307ADE81185D93FF00815FC2 /* main.m */,
				307ADE83185D93FF00815FC2 /* NSInvocationSample-Prefix.pch */,
			);
			name = "Supporting Files";
			sourceTree = "<group>";
		};
		307ADE94185D93FF00815FC2 /* NSInvocationSampleTests */ = {
			isa = PBXGroup;
			children = (
				307ADE9A185D93FF00815FC2 /* NSInvocationSampleTests.m */,
				307ADE95185D93FF00815FC2 /* Supporting Files */,
			);
			path = NSInvocationSampleTests;
			sourceTree = "<group>";
		};
		307ADE95185D93FF00815FC2 /* Supporting Files */ = {
			isa = PBXGroup;
			children = (
				307ADE96185D93FF00815FC2 /* NSInvocationSampleTests-Info.plist */,
				307ADE97185D93FF00815FC2 /* InfoPlist.strings */,
			);
			name = "Supporting Files";
			sourceTree = "<group>";
		};
/* End PBXGroup section */

/* Begin PBXNativeTarget section */
		307ADE71185D93FF00815FC2 /* NSInvocationSample */ = {
			isa = PBXNativeTarget;
			buildConfigurationList = 307ADE9E185D93FF00815FC2 /* Build configuration list for PBXNativeTarget "NSInvocationSample" */;
			buildPhases = (
				307ADE6E185D93FF00815FC2 /* Sources */,
				307ADE6F185D93FF00815FC2 /* Frameworks */,
				307ADE70185D93FF00815FC2 /* Resources */,
			);
			buildRules = (
			);
			dependencies = (
			);
			name = NSInvocationSample;
			productName = NSInvocationSample;
			productReference = 307ADE72185D93FF00815FC2 /* NSInvocationSample.app */;
			productType = "com.apple.product-type.application";
		};
		307ADE8C185D93FF00815FC2 /* NSInvocationSampleTests */ = {
			isa = PBXNativeTarget;
			buildConfigurationList = 307ADEA1185D93FF00815FC2 /* Build configuration list for PBXNativeTarget "NSInvocationSampleTests" */;
			buildPhases = (
				307ADE89185D93FF00815FC2 /* Sources */,
				307ADE8A185D93FF00815FC2 /* Frameworks */,
				307ADE8B185D93FF00815FC2 /* Resources */,
			);
			buildRules = (
			);
			dependencies = (
				307ADE93185D93FF00815FC2 /* PBXTargetDependency */,
			);
			name = NSInvocationSampleTests;
			productName = NSInvocationSampleTests;
			productReference = 307ADE8D185D93FF00815FC2 /* NSInvocationSampleTests.xctest */;
			productType = "com.apple.product-type.bundle.unit-test";
		};
/* End PBXNativeTarget section */

/* Begin PBXProject section */
		307ADE6A185D93FF00815FC2 /* Project object */ = {
			isa = PBXProject;
			attributes = {
				LastUpgradeCheck = 0500;
				ORGANIZATIONNAME = "Yoichiro Sakurai";
				TargetAttributes = {
					307ADE8C185D93FF00815FC2 = {
						TestTargetID = 307ADE71185D93FF00815FC2;
					};
				};
			};
			buildConfigurationList = 307ADE6D185D93FF00815FC2 /* Build configuration list for PBXProject "NSInvocationSample" */;
			compatibilityVersion = "Xcode 3.2";
			developmentRegion = English;
			hasScannedForEncodings = 0;
			knownRegions = (
				en,
			);
			mainGroup = 307ADE69185D93FF00815FC2;
			productRefGroup = 307ADE73185D93FF00815FC2 /* Products */;
			projectDirPath = "";
			projectRoot = "";
			targets = (
				307ADE71185D93FF00815FC2 /* NSInvocationSample */,
				307ADE8C185D93FF00815FC2 /* NSInvocationSampleTests */,
			);
		};
/* End PBXProject section */

/* Begin PBXResourcesBuildPhase section */
		307ADE70185D93FF00815FC2 /* Resources */ = {
			isa = PBXResourcesBuildPhase;
			buildActionMask = 2147483647;
			files = (
				30AE5974186282290027DDC6 /* sample.sqlite in Resources */,
				307ADE80185D93FF00815FC2 /* InfoPlist.strings in Resources */,
				307ADE88185D93FF00815FC2 /* Images.xcassets in Resources */,
			);
			runOnlyForDeploymentPostprocessing = 0;
		};
		307ADE8B185D93FF00815FC2 /* Resources */ = {
			isa = PBXResourcesBuildPhase;
			buildActionMask = 2147483647;
			files = (
				307ADE99185D93FF00815FC2 /* InfoPlist.strings in Resources */,
			);
			runOnlyForDeploymentPostprocessing = 0;
		};
/* End PBXResourcesBuildPhase section */

/* Begin PBXSourcesBuildPhase section */
		307ADE6E185D93FF00815FC2 /* Sources */ = {
			isa = PBXSourcesBuildPhase;
			buildActionMask = 2147483647;
			files = (
				30AE597018627AB60027DDC6 /* BaseSQLViewController.m in Sources */,
				30CE96A91861BC4B003B33FD /* SimpleDAO.m in Sources */,
				3037C78C18606B1C00E77AC5 /* SimpleInvokeViewController.m in Sources */,
				307ADEAC185D950100815FC2 /* SelectViewController.m in Sources */,
				30CE96A61861B11F003B33FD /* GetReturnValueViewController.m in Sources */,
				30CE96B01861C575003B33FD /* InvokedDAO.m in Sources */,
				30AE597318627CB10027DDC6 /* SimpleChapterViewController.m in Sources */,
				3037C79218606F3400E77AC5 /* ClassMethodInvokeViewController.m in Sources */,
				3037C78F18606B6400E77AC5 /* Invoker.m in Sources */,
				30CE96B31861C5AE003B33FD /* BaseDAO.m in Sources */,
				30AE5977186288FC0027DDC6 /* InvokedChapterViewController.m in Sources */,
				307ADE86185D93FF00815FC2 /* AppDelegate.m in Sources */,
				3037C79518606F6900E77AC5 /* BaseViewController.m in Sources */,
				307ADE82185D93FF00815FC2 /* main.m in Sources */,
				30D6071618608C2300759411 /* PassParamsViewController.m in Sources */,
			);
			runOnlyForDeploymentPostprocessing = 0;
		};
		307ADE89185D93FF00815FC2 /* Sources */ = {
			isa = PBXSourcesBuildPhase;
			buildActionMask = 2147483647;
			files = (
				307ADE9B185D93FF00815FC2 /* NSInvocationSampleTests.m in Sources */,
			);
			runOnlyForDeploymentPostprocessing = 0;
		};
/* End PBXSourcesBuildPhase section */

/* Begin PBXTargetDependency section */
		307ADE93185D93FF00815FC2 /* PBXTargetDependency */ = {
			isa = PBXTargetDependency;
			target = 307ADE71185D93FF00815FC2 /* NSInvocationSample */;
			targetProxy = 307ADE92185D93FF00815FC2 /* PBXContainerItemProxy */;
		};
/* End PBXTargetDependency section */

/* Begin PBXVariantGroup section */
		307ADE7E185D93FF00815FC2 /* InfoPlist.strings */ = {
			isa = PBXVariantGroup;
			children = (
				307ADE7F185D93FF00815FC2 /* en */,
			);
			name = InfoPlist.strings;
			sourceTree = "<group>";
		};
		307ADE97185D93FF00815FC2 /* InfoPlist.strings */ = {
			isa = PBXVariantGroup;
			children = (
				307ADE98185D93FF00815FC2 /* en */,
			);
			name = InfoPlist.strings;
			sourceTree = "<group>";
		};
/* End PBXVariantGroup section */

/* Begin XCBuildConfiguration section */
		307ADE9C185D93FF00815FC2 /* Debug */ = {
			isa = XCBuildConfiguration;
			buildSettings = {
				ALWAYS_SEARCH_USER_PATHS = NO;
				ARCHS = "$(ARCHS_STANDARD_INCLUDING_64_BIT)";
				CLANG_CXX_LANGUAGE_STANDARD = "gnu++0x";
				CLANG_CXX_LIBRARY = "libc++";
				CLANG_ENABLE_MODULES = YES;
				CLANG_ENABLE_OBJC_ARC = YES;
				CLANG_WARN_BOOL_CONVERSION = YES;
				CLANG_WARN_CONSTANT_CONVERSION = YES;
				CLANG_WARN_DIRECT_OBJC_ISA_USAGE = YES_ERROR;
				CLANG_WARN_EMPTY_BODY = YES;
				CLANG_WARN_ENUM_CONVERSION = YES;
				CLANG_WARN_INT_CONVERSION = YES;
				CLANG_WARN_OBJC_ROOT_CLASS = YES_ERROR;
				CLANG_WARN__DUPLICATE_METHOD_MATCH = YES;
				"CODE_SIGN_IDENTITY[sdk=iphoneos*]" = "iPhone Developer";
				COPY_PHASE_STRIP = NO;
				GCC_C_LANGUAGE_STANDARD = gnu99;
				GCC_DYNAMIC_NO_PIC = NO;
				GCC_OPTIMIZATION_LEVEL = 0;
				GCC_PREPROCESSOR_DEFINITIONS = (
					"DEBUG=1",
					"$(inherited)",
				);
				GCC_SYMBOLS_PRIVATE_EXTERN = NO;
				GCC_WARN_64_TO_32_BIT_CONVERSION = YES;
				GCC_WARN_ABOUT_RETURN_TYPE = YES_ERROR;
				GCC_WARN_UNDECLARED_SELECTOR = YES;
				GCC_WARN_UNINITIALIZED_AUTOS = YES;
				GCC_WARN_UNUSED_FUNCTION = YES;
				GCC_WARN_UNUSED_VARIABLE = YES;
				IPHONEOS_DEPLOYMENT_TARGET = 7.0;
				ONLY_ACTIVE_ARCH = YES;
				SDKROOT = iphoneos;
				TARGETED_DEVICE_FAMILY = "1,2";
			};
			name = Debug;
		};
		307ADE9D185D93FF00815FC2 /* Release */ = {
			isa = XCBuildConfiguration;
			buildSettings = {
				ALWAYS_SEARCH_USER_PATHS = NO;
				ARCHS = "$(ARCHS_STANDARD_INCLUDING_64_BIT)";
				CLANG_CXX_LANGUAGE_STANDARD = "gnu++0x";
				CLANG_CXX_LIBRARY = "libc++";
				CLANG_ENABLE_MODULES = YES;
				CLANG_ENABLE_OBJC_ARC = YES;
				CLANG_WARN_BOOL_CONVERSION = YES;
				CLANG_WARN_CONSTANT_CONVERSION = YES;
				CLANG_WARN_DIRECT_OBJC_ISA_USAGE = YES_ERROR;
				CLANG_WARN_EMPTY_BODY = YES;
				CLANG_WARN_ENUM_CONVERSION = YES;
				CLANG_WARN_INT_CONVERSION = YES;
				CLANG_WARN_OBJC_ROOT_CLASS = YES_ERROR;
				CLANG_WARN__DUPLICATE_METHOD_MATCH = YES;
				"CODE_SIGN_IDENTITY[sdk=iphoneos*]" = "iPhone Developer";
				COPY_PHASE_STRIP = YES;
				ENABLE_NS_ASSERTIONS = NO;
				GCC_C_LANGUAGE_STANDARD = gnu99;
				GCC_WARN_64_TO_32_BIT_CONVERSION = YES;
				GCC_WARN_ABOUT_RETURN_TYPE = YES_ERROR;
				GCC_WARN_UNDECLARED_SELECTOR = YES;
				GCC_WARN_UNINITIALIZED_AUTOS = YES;
				GCC_WARN_UNUSED_FUNCTION = YES;
				GCC_WARN_UNUSED_VARIABLE = YES;
				IPHONEOS_DEPLOYMENT_TARGET = 7.0;
				SDKROOT = iphoneos;
				TARGETED_DEVICE_FAMILY = "1,2";
				VALIDATE_PRODUCT = YES;
			};
			name = Release;
		};
		307ADE9F185D93FF00815FC2 /* Debug */ = {
			isa = XCBuildConfiguration;
			buildSettings = {
				ASSETCATALOG_COMPILER_APPICON_NAME = AppIcon;
				ASSETCATALOG_COMPILER_LAUNCHIMAGE_NAME = LaunchImage;
				GCC_PRECOMPILE_PREFIX_HEADER = YES;
				GCC_PREFIX_HEADER = "NSInvocationSample/NSInvocationSample-Prefix.pch";
				INFOPLIST_FILE = "NSInvocationSample/NSInvocationSample-Info.plist";
				PRODUCT_NAME = "$(TARGET_NAME)";
				WRAPPER_EXTENSION = app;
			};
			name = Debug;
		};
		307ADEA0185D93FF00815FC2 /* Release */ = {
			isa = XCBuildConfiguration;
			buildSettings = {
				ASSETCATALOG_COMPILER_APPICON_NAME = AppIcon;
				ASSETCATALOG_COMPILER_LAUNCHIMAGE_NAME = LaunchImage;
				GCC_PRECOMPILE_PREFIX_HEADER = YES;
				GCC_PREFIX_HEADER = "NSInvocationSample/NSInvocationSample-Prefix.pch";
				INFOPLIST_FILE = "NSInvocationSample/NSInvocationSample-Info.plist";
				PRODUCT_NAME = "$(TARGET_NAME)";
				WRAPPER_EXTENSION = app;
			};
			name = Release;
		};
		307ADEA2185D93FF00815FC2 /* Debug */ = {
			isa = XCBuildConfiguration;
			buildSettings = {
				ARCHS = "$(ARCHS_STANDARD_INCLUDING_64_BIT)";
				BUNDLE_LOADER = "$(BUILT_PRODUCTS_DIR)/NSInvocationSample.app/NSInvocationSample";
				FRAMEWORK_SEARCH_PATHS = (
					"$(SDKROOT)/Developer/Library/Frameworks",
					"$(inherited)",
					"$(DEVELOPER_FRAMEWORKS_DIR)",
				);
				GCC_PRECOMPILE_PREFIX_HEADER = YES;
				GCC_PREFIX_HEADER = "NSInvocationSample/NSInvocationSample-Prefix.pch";
				GCC_PREPROCESSOR_DEFINITIONS = (
					"DEBUG=1",
					"$(inherited)",
				);
				INFOPLIST_FILE = "NSInvocationSampleTests/NSInvocationSampleTests-Info.plist";
				PRODUCT_NAME = "$(TARGET_NAME)";
				TEST_HOST = "$(BUNDLE_LOADER)";
				WRAPPER_EXTENSION = xctest;
			};
			name = Debug;
		};
		307ADEA3185D93FF00815FC2 /* Release */ = {
			isa = XCBuildConfiguration;
			buildSettings = {
				ARCHS = "$(ARCHS_STANDARD_INCLUDING_64_BIT)";
				BUNDLE_LOADER = "$(BUILT_PRODUCTS_DIR)/NSInvocationSample.app/NSInvocationSample";
				FRAMEWORK_SEARCH_PATHS = (
					"$(SDKROOT)/Developer/Library/Frameworks",
					"$(inherited)",
					"$(DEVELOPER_FRAMEWORKS_DIR)",
				);
				GCC_PRECOMPILE_PREFIX_HEADER = YES;
				GCC_PREFIX_HEADER = "NSInvocationSample/NSInvocationSample-Prefix.pch";
				INFOPLIST_FILE = "NSInvocationSampleTests/NSInvocationSampleTests-Info.plist";
				PRODUCT_NAME = "$(TARGET_NAME)";
				TEST_HOST = "$(BUNDLE_LOADER)";
				WRAPPER_EXTENSION = xctest;
			};
			name = Release;
		};
/* End XCBuildConfiguration section */

/* Begin XCConfigurationList section */
		307ADE6D185D93FF00815FC2 /* Build configuration list for PBXProject "NSInvocationSample" */ = {
			isa = XCConfigurationList;
			buildConfigurations = (
				307ADE9C185D93FF00815FC2 /* Debug */,
				307ADE9D185D93FF00815FC2 /* Release */,
			);
			defaultConfigurationIsVisible = 0;
			defaultConfigurationName = Release;
		};
		307ADE9E185D93FF00815FC2 /* Build configuration list for PBXNativeTarget "NSInvocationSample" */ = {
			isa = XCConfigurationList;
			buildConfigurations = (
				307ADE9F185D93FF00815FC2 /* Debug */,
				307ADEA0185D93FF00815FC2 /* Release */,
			);
			defaultConfigurationIsVisible = 0;
			defaultConfigurationName = Release;
		};
		307ADEA1185D93FF00815FC2 /* Build configuration list for PBXNativeTarget "NSInvocationSampleTests" */ = {
			isa = XCConfigurationList;
			buildConfigurations = (
				307ADEA2185D93FF00815FC2 /* Debug */,
				307ADEA3185D93FF00815FC2 /* Release */,
			);
			defaultConfigurationIsVisible = 0;
			defaultConfigurationName = Release;
		};
/* End XCConfigurationList section */
	};
	rootObject = 307ADE6A185D93FF00815FC2 /* Project object */;
}
